<?xml version="1.0" encoding="utf-8"?>
<Project ToolsVersion="4.0" xmlns="http://schemas.microsoft.com/developer/msbuild/2003">
  <ItemGroup>
    <Filter Include="???????? ?????">
      <UniqueIdentifier>{4FC737F1-C7A5-4376-A066-2A32D752A2FF}</UniqueIdentifier>
      <Extensions>cpp;c;cc;cxx;c++;cppm;ixx;def;odl;idl;hpj;bat;asm;asmx</Extensions>
    </Filter>
    <Filter Include="????? ??????????">
      <UniqueIdentifier>{93995380-89BD-4b04-88EB-625FBE52EBFB}</UniqueIdentifier>
      <Extensions>h;hh;hpp;hxx;h++;hm;inl;inc;ipp;xsd</Extensions>
    </Filter>
    <Filter Include="????? ????????">
      <UniqueIdentifier>{67DA6AB6-F800-4c08-8B7A-83BB121AAD01}</UniqueIdentifier>
      <Extensions>rc;ico;cur;bmp;dlg;rc2;rct;bin;rgs;gif;jpg;jpeg;jpe;resx;tiff;tif;png;wav;mfcribbon-ms</Extensions>
    </Filter>
    <Filter Include="???????? ?????\Input">
      <UniqueIdentifier>{41d84469-7d1d-43c6-b755-c47669483db2}</UniqueIdentifier>
    </Filter>
    <Filter Include="???????? ?????\Input\SystemInputs">
      <UniqueIdentifier>{8bd0eeb6-d279-4c5b-ab73-b53565084294}</UniqueIdentifier>
    </Filter>
    <Filter Include="???????? ?????\ImGui">
      <UniqueIdentifier>{ee5ce3fe-8361-45bd-8d4b-b0f848af59c2}</UniqueIdentifier>
    </Filter>
    <Filter Include="???????? ?????\ImGui\Backend">
      <UniqueIdentifier>{32ffef1c-cab1-4b55-8bfb-633ee26f05ab}</UniqueIdentifier>
    </Filter>
  </ItemGroup>
  <ItemGroup>
    <ClCompile Include="main.cpp">
      <Filter>???????? ?????</Filter>
    </ClCompile>
    <ClCompile Include="UI\Materials\Backends\imgui_impl_glfw.cpp">
      <Filter>???????? ?????</Filter>
    </ClCompile>
    <ClCompile Include="UI\Materials\Backends\imgui_impl_opengl3.cpp">
      <Filter>???????? ?????</Filter>
    </ClCompile>
    <ClCompile Include="UI\Materials\imgui.cpp">
      <Filter>???????? ?????</Filter>
    </ClCompile>
    <ClCompile Include="UI\Materials\imgui_draw.cpp">
      <Filter>???????? ?????</Filter>
    </ClCompile>
    <ClCompile Include="UI\Materials\imgui_tables.cpp">
      <Filter>???????? ?????</Filter>
    </ClCompile>
    <ClCompile Include="UI\Materials\imgui_widgets.cpp">
      <Filter>???????? ?????</Filter>
    </ClCompile>
    <ClCompile Include="Input\SystemInputs.cpp">
      <Filter>???????? ?????</Filter>
    </ClCompile>
    <ClCompile Include="Input\InputManager.cpp">
      <Filter>???????? ?????</Filter>
    </ClCompile>
    <ClCompile Include="dependencies\glad\src\glad.c">
      <Filter>???????? ?????</Filter>
    </ClCompile>
    <ClCompile Include="RenderSystem\MeshManager\MeshManager.cpp">
      <Filter>???????? ?????</Filter>
    </ClCompile>
    <ClCompile Include="RenderSystem\ShaderManager\ShaderManager.cpp">
      <Filter>???????? ?????</Filter>
    </ClCompile>
    <ClCompile Include="SceneSystem\EntityManager\EntityManager.cpp">
      <Filter>???????? ?????</Filter>
    </ClCompile>
    <ClCompile Include="RenderSystem\RenderSystem.cpp">
      <Filter>???????? ?????</Filter>
    </ClCompile>
    <ClCompile Include="SceneSystem\SceneSystem.cpp">
      <Filter>???????? ?????</Filter>
    </ClCompile>
    <ClCompile Include="Engine.cpp">
      <Filter>???????? ?????</Filter>
    </ClCompile>
    <ClCompile Include="UI\EditorTheme.cpp">
      <Filter>???????? ?????</Filter>
    </ClCompile>
    <ClCompile Include="UI\Panels\SceneHierarchyPanel.cpp">
      <Filter>???????? ?????</Filter>
    </ClCompile>
    <ClCompile Include="UI\Panels\InspectorPanel.cpp">
      <Filter>???????? ?????</Filter>
    </ClCompile>
    <ClCompile Include="UI\Panels\ContentBrowserPanel.cpp">
      <Filter>???????? ?????</Filter>
    </ClCompile>
    <ClCompile Include="UI\Panels\ConsolePanel.cpp">
      <Filter>???????? ?????</Filter>
    </ClCompile>
    <ClCompile Include="UI\EditorUI.cpp">
      <Filter>???????? ?????</Filter>
    </ClCompile>
    <ClCompile Include="Logger\Logger.cpp">
      <Filter>???????? ?????</Filter>
    </ClCompile>
    <ClCompile Include="RenderSystem\TextureManager\TextureManager.cpp">
      <Filter>???????? ?????</Filter>
    </ClCompile>
    <ClCompile Include="AssetSystem\AssetSystemOBJ.cpp">
      <Filter>???????? ?????</Filter>
    </ClCompile>
    <ClCompile Include="AssetSystem\AssetSystem.cpp">
      <Filter>???????? ?????</Filter>
    </ClCompile>
    <ClCompile Include="AssetSystem\AssetSystemTEX.cpp">
      <Filter>???????? ?????</Filter>
    </ClCompile>
    <ClCompile Include="SceneSystem\SceneSystemEntity.cpp">
      <Filter>???????? ?????</Filter>
    </ClCompile>
    <ClCompile Include="SceneSystem\TransformManager\TransformManager.cpp">
      <Filter>???????? ?????</Filter>
    </ClCompile>
    <ClCompile Include="dependencies\ImGuizmo.cpp">
      <Filter>???????? ?????</Filter>
    </ClCompile>
  </ItemGroup>
  <ItemGroup>
    <ClInclude Include="UI\Materials\Backends\imgui_impl_glfw.h">
      <Filter>????? ??????????</Filter>
    </ClInclude>
    <ClInclude Include="UI\Materials\Backends\imgui_impl_opengl3.h">
      <Filter>????? ??????????</Filter>
    </ClInclude>
    <ClInclude Include="UI\Materials\imconfig.h">
      <Filter>????? ??????????</Filter>
    </ClInclude>
    <ClInclude Include="UI\Materials\imgui.h">
      <Filter>????? ??????????</Filter>
    </ClInclude>
    <ClInclude Include="UI\Materials\imgui_internal.h">
      <Filter>????? ??????????</Filter>
    </ClInclude>
    <ClInclude Include="UI\Materials\imstb_rectpack.h">
      <Filter>????? ??????????</Filter>
    </ClInclude>
    <ClInclude Include="UI\Materials\imstb_textedit.h">
      <Filter>????? ??????????</Filter>
    </ClInclude>
    <ClInclude Include="UI\Materials\imstb_truetype.h">
      <Filter>????? ??????????</Filter>
    </ClInclude>
    <ClInclude Include="Input\SystemInputs.h">
      <Filter>????? ??????????</Filter>
    </ClInclude>
    <ClInclude Include="Input\InputManager.h">
      <Filter>????? ??????????</Filter>
    </ClInclude>
    <ClInclude Include="dependencies\glad\include\glad\glad.h">
      <Filter>????? ??????????</Filter>
    </ClInclude>
    <ClInclude Include="dependencies\glad\include\KHR\khrplatform.h">
      <Filter>????? ??????????</Filter>
    </ClInclude>
    <ClInclude Include="dependencies\glfw\include\GLFW\glfw3.h">
      <Filter>????? ??????????</Filter>
    </ClInclude>
    <ClInclude Include="dependencies\include\GLFW\glfw3.h">
      <Filter>????? ??????????</Filter>
    </ClInclude>
    <ClInclude Include="dependencies\include\GLFW\glfw3native.h">
      <Filter>????? ??????????</Filter>
    </ClInclude>
    <ClInclude Include="UI\Materials\Backends\imgui_impl_opengl3_loader.h">
      <Filter>????? ??????????</Filter>
    </ClInclude>
    <ClInclude Include="RenderSystem\MeshManager\MeshManager.h">
      <Filter>????? ??????????</Filter>
    </ClInclude>
    <ClInclude Include="RenderSystem\ShaderManager\ShaderManager.h">
      <Filter>????? ??????????</Filter>
    </ClInclude>
    <ClInclude Include="SceneSystem\EntityManager\EntityManager.h">
      <Filter>????? ??????????</Filter>
    </ClInclude>
    <ClInclude Include="RenderSystem\RenderSystem.h">
      <Filter>????? ??????????</Filter>
    </ClInclude>
    <ClInclude Include="SceneSystem\SceneSystem.h">
      <Filter>????? ??????????</Filter>
    </ClInclude>
    <ClInclude Include="src\Definitions.h">
      <Filter>????? ??????????</Filter>
    </ClInclude>
    <ClInclude Include="Engine.h">
      <Filter>????? ??????????</Filter>
    </ClInclude>
    <ClInclude Include="UI\EditorUI.h">
      <Filter>????? ??????????</Filter>
    </ClInclude>
    <ClInclude Include="UI\EditorTheme.h">
      <Filter>????? ??????????</Filter>
    </ClInclude>
    <ClInclude Include="UI\EditorLayout.h">
      <Filter>????? ??????????</Filter>
    </ClInclude>
    <ClInclude Include="EventSystem\EventSystem.h">
      <Filter>????? ??????????</Filter>
    </ClInclude>
    <ClInclude Include="UI\Panels\SceneHierarchyPanel.h">
      <Filter>????? ??????????</Filter>
    </ClInclude>
    <ClInclude Include="UI\Panels\InspectorPanel.h">
      <Filter>????? ??????????</Filter>
    </ClInclude>
    <ClInclude Include="UI\Panels\ContentBrowserPanel.h">
      <Filter>????? ??????????</Filter>
    </ClInclude>
    <ClInclude Include="UI\Panels\ConsolePanel.h">
      <Filter>????? ??????????</Filter>
    </ClInclude>
    <ClInclude Include="Logger\Logger.h">
      <Filter>????? ??????????</Filter>
    </ClInclude>
    <ClInclude Include="RenderSystem\TextureManager\TextureManager.h">
      <Filter>????? ??????????</Filter>
    </ClInclude>
    <ClInclude Include="dependencies\stb_image.h">
      <Filter>????? ??????????</Filter>
    </ClInclude>
    <ClInclude Include="AssetSystem\AssetSystem.h">
      <Filter>????? ??????????</Filter>
    </ClInclude>
    <ClInclude Include="SceneSystem\TransformManager\TransformManager.h">
      <Filter>????? ??????????</Filter>
    </ClInclude>
    <ClInclude Include="dependencies\ImGuizmo.h">
      <Filter>????? ??????????</Filter>
    </ClInclude>
  </ItemGroup>
  <ItemGroup>
    <None Include="src\Shaders\DefaultShader.vert" />
  </ItemGroup>
  <ItemGroup>
    <Text Include="src\Shaders\DefaultShader.frag">
      <Filter>???????? ?????</Filter>
    </Text>
    <Text Include="src\Objects\Triangle.obj" />
  </ItemGroup>
</Project>



